
Microsoft Visual Studio Solution File, Format Version 12.00
# Visual Studio Version 16
VisualStudioVersion = 16.0.30717.126
MinimumVisualStudioVersion = 10.0.40219.1
Project("{FAE04EC0-301F-11D3-BF4B-00C04F79EFBC}") = "Day4", "Day4\Day4.csproj", "{47F3EC15-BC20-4225-A336-84C5150A9456}"
EndProject
Project("{FAE04EC0-301F-11D3-BF4B-00C04F79EFBC}") = "Interface2", "Interface2\Interface2.csproj", "{318991B4-73EA-4889-8959-A394B3A7D846}"
EndProject
Project("{FAE04EC0-301F-11D3-BF4B-00C04F79EFBC}") = "IDisponsablemethode-1", "IDisponsablemethode-1\IDisponsablemethode-1.csproj", "{7A5BDE2C-CDCA-46F0-97D8-FE417D3374A9}"
EndProject
Project("{FAE04EC0-301F-11D3-BF4B-00C04F79EFBC}") = "Refandvaluetypesin.netcode", "Refandvaluetypesin.netcode\Refandvaluetypesin.netcode.csproj", "{1091CB2B-B218-44CD-A0CB-7C386634CBF0}"
EndProject
Project("{FAE04EC0-301F-11D3-BF4B-00C04F79EFBC}") = "Assign-3-IDbFunctions", "Assign-3-IDbFunctions\Assign-3-IDbFunctions.csproj", "{AEE2C6F5-6E8E-43B7-9011-1E0764C53669}"
EndProject
Global
	GlobalSection(SolutionConfigurationPlatforms) = preSolution
		Debug|Any CPU = Debug|Any CPU
		Release|Any CPU = Release|Any CPU
	EndGlobalSection
	GlobalSection(ProjectConfigurationPlatforms) = postSolution
		{47F3EC15-BC20-4225-A336-84C5150A9456}.Debug|Any CPU.ActiveCfg = Debug|Any CPU
		{47F3EC15-BC20-4225-A336-84C5150A9456}.Debug|Any CPU.Build.0 = Debug|Any CPU
		{47F3EC15-BC20-4225-A336-84C5150A9456}.Release|Any CPU.ActiveCfg = Release|Any CPU
		{47F3EC15-BC20-4225-A336-84C5150A9456}.Release|Any CPU.Build.0 = Release|Any CPU
		{318991B4-73EA-4889-8959-A394B3A7D846}.Debug|Any CPU.ActiveCfg = Debug|Any CPU
		{318991B4-73EA-4889-8959-A394B3A7D846}.Debug|Any CPU.Build.0 = Debug|Any CPU
		{318991B4-73EA-4889-8959-A394B3A7D846}.Release|Any CPU.ActiveCfg = Release|Any CPU
		{318991B4-73EA-4889-8959-A394B3A7D846}.Release|Any CPU.Build.0 = Release|Any CPU
		{7A5BDE2C-CDCA-46F0-97D8-FE417D3374A9}.Debug|Any CPU.ActiveCfg = Debug|Any CPU
		{7A5BDE2C-CDCA-46F0-97D8-FE417D3374A9}.Debug|Any CPU.Build.0 = Debug|Any CPU
		{7A5BDE2C-CDCA-46F0-97D8-FE417D3374A9}.Release|Any CPU.ActiveCfg = Release|Any CPU
		{7A5BDE2C-CDCA-46F0-97D8-FE417D3374A9}.Release|Any CPU.Build.0 = Release|Any CPU
		{1091CB2B-B218-44CD-A0CB-7C386634CBF0}.Debug|Any CPU.ActiveCfg = Debug|Any CPU
		{1091CB2B-B218-44CD-A0CB-7C386634CBF0}.Debug|Any CPU.Build.0 = Debug|Any CPU
		{1091CB2B-B218-44CD-A0CB-7C386634CBF0}.Release|Any CPU.ActiveCfg = Release|Any CPU
		{1091CB2B-B218-44CD-A0CB-7C386634CBF0}.Release|Any CPU.Build.0 = Release|Any CPU
		{AEE2C6F5-6E8E-43B7-9011-1E0764C53669}.Debug|Any CPU.ActiveCfg = Debug|Any CPU
		{AEE2C6F5-6E8E-43B7-9011-1E0764C53669}.Debug|Any CPU.Build.0 = Debug|Any CPU
		{AEE2C6F5-6E8E-43B7-9011-1E0764C53669}.Release|Any CPU.ActiveCfg = Release|Any CPU
		{AEE2C6F5-6E8E-43B7-9011-1E0764C53669}.Release|Any CPU.Build.0 = Release|Any CPU
	EndGlobalSection
	GlobalSection(SolutionProperties) = preSolution
		HideSolutionNode = FALSE
	EndGlobalSection
	GlobalSection(ExtensibilityGlobals) = postSolution
		SolutionGuid = {A21C4AB1-1788-495F-83EE-3318A0C2DE6B}
	EndGlobalSection
EndGlobal
